// !$*UTF8*$!
{
	archiveVersion = 1;
	classes = {
	};
	objectVersion = 56;
	objects = {

/* Begin PBXBuildFile section */
		AC8F87432B30278E00A3D255 /* AppDelegate.swift in Sources */ = {isa = PBXBuildFile; fileRef = AC8F87422B30278E00A3D255 /* AppDelegate.swift */; };
		AC8F87452B30278E00A3D255 /* SceneDelegate.swift in Sources */ = {isa = PBXBuildFile; fileRef = AC8F87442B30278E00A3D255 /* SceneDelegate.swift */; };
		AC8F87472B30278E00A3D255 /* ViewController.swift in Sources */ = {isa = PBXBuildFile; fileRef = AC8F87462B30278E00A3D255 /* ViewController.swift */; };
		AC8F874C2B30278F00A3D255 /* Assets.xcassets in Resources */ = {isa = PBXBuildFile; fileRef = AC8F874B2B30278F00A3D255 /* Assets.xcassets */; };
		AC8F874F2B30278F00A3D255 /* LaunchScreen.storyboard in Resources */ = {isa = PBXBuildFile; fileRef = AC8F874D2B30278F00A3D255 /* LaunchScreen.storyboard */; };
		AC8F87572B302AAD00A3D255 /* MainView.swift in Sources */ = {isa = PBXBuildFile; fileRef = AC8F87562B302AAD00A3D255 /* MainView.swift */; };
		AC8F875A2B302B6400A3D255 /* SnapKit in Frameworks */ = {isa = PBXBuildFile; productRef = AC8F87592B302B6400A3D255 /* SnapKit */; };
		AC8F875C2B302B6400A3D255 /* SnapKit-Dynamic in Frameworks */ = {isa = PBXBuildFile; productRef = AC8F875B2B302B6400A3D255 /* SnapKit-Dynamic */; };
		AC8F87602B3033B900A3D255 /* SecondViewController.swift in Sources */ = {isa = PBXBuildFile; fileRef = AC8F875F2B3033B900A3D255 /* SecondViewController.swift */; };
		AC8F87622B30382200A3D255 /* SecondView.swift in Sources */ = {isa = PBXBuildFile; fileRef = AC8F87612B30382200A3D255 /* SecondView.swift */; };
		AC8F87642B30396E00A3D255 /* CustomTableViewCell.swift in Sources */ = {isa = PBXBuildFile; fileRef = AC8F87632B30396E00A3D255 /* CustomTableViewCell.swift */; };
/* End PBXBuildFile section */

/* Begin PBXFileReference section */
		AC8F873F2B30278E00A3D255 /* memo.app */ = {isa = PBXFileReference; explicitFileType = wrapper.application; includeInIndex = 0; path = memo.app; sourceTree = BUILT_PRODUCTS_DIR; };
		AC8F87422B30278E00A3D255 /* AppDelegate.swift */ = {isa = PBXFileReference; lastKnownFileType = sourcecode.swift; path = AppDelegate.swift; sourceTree = "<group>"; };
		AC8F87442B30278E00A3D255 /* SceneDelegate.swift */ = {isa = PBXFileReference; lastKnownFileType = sourcecode.swift; path = SceneDelegate.swift; sourceTree = "<group>"; };
		AC8F87462B30278E00A3D255 /* ViewController.swift */ = {isa = PBXFileReference; lastKnownFileType = sourcecode.swift; path = ViewController.swift; sourceTree = "<group>"; };
		AC8F874B2B30278F00A3D255 /* Assets.xcassets */ = {isa = PBXFileReference; lastKnownFileType = folder.assetcatalog; path = Assets.xcassets; sourceTree = "<group>"; };
		AC8F874E2B30278F00A3D255 /* Base */ = {isa = PBXFileReference; lastKnownFileType = file.storyboard; name = Base; path = Base.lproj/LaunchScreen.storyboard; sourceTree = "<group>"; };
		AC8F87502B30278F00A3D255 /* Info.plist */ = {isa = PBXFileReference; lastKnownFileType = text.plist.xml; path = Info.plist; sourceTree = "<group>"; };
		AC8F87562B302AAD00A3D255 /* MainView.swift */ = {isa = PBXFileReference; lastKnownFileType = sourcecode.swift; path = MainView.swift; sourceTree = "<group>"; };
		AC8F875F2B3033B900A3D255 /* SecondViewController.swift */ = {isa = PBXFileReference; lastKnownFileType = sourcecode.swift; path = SecondViewController.swift; sourceTree = "<group>"; };
		AC8F87612B30382200A3D255 /* SecondView.swift */ = {isa = PBXFileReference; lastKnownFileType = sourcecode.swift; path = SecondView.swift; sourceTree = "<group>"; };
		AC8F87632B30396E00A3D255 /* CustomTableViewCell.swift */ = {isa = PBXFileReference; lastKnownFileType = sourcecode.swift; path = CustomTableViewCell.swift; sourceTree = "<group>"; };
/* End PBXFileReference section */

/* Begin PBXFrameworksBuildPhase section */
		AC8F873C2B30278E00A3D255 /* Frameworks */ = {
			isa = PBXFrameworksBuildPhase;
			buildActionMask = 2147483647;
			files = (
				AC8F875A2B302B6400A3D255 /* SnapKit in Frameworks */,
				AC8F875C2B302B6400A3D255 /* SnapKit-Dynamic in Frameworks */,
			);
			runOnlyForDeploymentPostprocessing = 0;
		};
/* End PBXFrameworksBuildPhase section */

/* Begin PBXGroup section */
		AC8F87362B30278E00A3D255 = {
			isa = PBXGroup;
			children = (
				AC8F87412B30278E00A3D255 /* memo */,
				AC8F87402B30278E00A3D255 /* Products */,
			);
			sourceTree = "<group>";
		};
		AC8F87402B30278E00A3D255 /* Products */ = {
			isa = PBXGroup;
			children = (
				AC8F873F2B30278E00A3D255 /* memo.app */,
			);
			name = Products;
			sourceTree = "<group>";
		};
		AC8F87412B30278E00A3D255 /* memo */ = {
			isa = PBXGroup;
			children = (
				AC8F87422B30278E00A3D255 /* AppDelegate.swift */,
				AC8F87442B30278E00A3D255 /* SceneDelegate.swift */,
				AC8F87462B30278E00A3D255 /* ViewController.swift */,
				AC8F874B2B30278F00A3D255 /* Assets.xcassets */,
				AC8F874D2B30278F00A3D255 /* LaunchScreen.storyboard */,
				AC8F87502B30278F00A3D255 /* Info.plist */,
				AC8F87562B302AAD00A3D255 /* MainView.swift */,
				AC8F875F2B3033B900A3D255 /* SecondViewController.swift */,
				AC8F87612B30382200A3D255 /* SecondView.swift */,
				AC8F87632B30396E00A3D255 /* CustomTableViewCell.swift */,
			);
			path = memo;
			sourceTree = "<group>";
		};
/* End PBXGroup section */

/* Begin PBXNativeTarget section */
		AC8F873E2B30278E00A3D255 /* memo */ = {
			isa = PBXNativeTarget;
			buildConfigurationList = AC8F87532B30278F00A3D255 /* Build configuration list for PBXNativeTarget "memo" */;
			buildPhases = (
				AC8F873B2B30278E00A3D255 /* Sources */,
				AC8F873C2B30278E00A3D255 /* Frameworks */,
				AC8F873D2B30278E00A3D255 /* Resources */,
			);
			buildRules = (
			);
			dependencies = (
			);
			name = memo;
			packageProductDependencies = (
				AC8F87592B302B6400A3D255 /* SnapKit */,
				AC8F875B2B302B6400A3D255 /* SnapKit-Dynamic */,
			);
			productName = memo;
			productReference = AC8F873F2B30278E00A3D255 /* memo.app */;
			productType = "com.apple.product-type.application";
		};
/* End PBXNativeTarget section */

/* Begin PBXProject section */
		AC8F87372B30278E00A3D255 /* Project object */ = {
			isa = PBXProject;
			attributes = {
				BuildIndependentTargetsInParallel = 1;
				LastSwiftUpdateCheck = 1510;
				LastUpgradeCheck = 1510;
				TargetAttributes = {
					AC8F873E2B30278E00A3D255 = {
						CreatedOnToolsVersion = 15.1;
					};
				};
			};
			buildConfigurationList = AC8F873A2B30278E00A3D255 /* Build configuration list for PBXProject "memo" */;
			compatibilityVersion = "Xcode 14.0";
			developmentRegion = en;
			hasScannedForEncodings = 0;
			knownRegions = (
				en,
				Base,
			);
			mainGroup = AC8F87362B30278E00A3D255;
			packageReferences = (
				AC8F87582B302B6400A3D255 /* XCRemoteSwiftPackageReference "SnapKit" */,
			);
			productRefGroup = AC8F87402B30278E00A3D255 /* Products */;
			projectDirPath = "";
			projectRoot = "";
			targets = (
				AC8F873E2B30278E00A3D255 /* memo */,
			);
		};
/* End PBXProject section */

/* Begin PBXResourcesBuildPhase section */
		AC8F873D2B30278E00A3D255 /* Resources */ = {
			isa = PBXResourcesBuildPhase;
			buildActionMask = 2147483647;
			files = (
				AC8F874F2B30278F00A3D255 /* LaunchScreen.storyboard in Resources */,
				AC8F874C2B30278F00A3D255 /* Assets.xcassets in Resources */,
			);
			runOnlyForDeploymentPostprocessing = 0;
		};
/* End PBXResourcesBuildPhase section */

/* Begin PBXSourcesBuildPhase section */
		AC8F873B2B30278E00A3D255 /* Sources */ = {
			isa = PBXSourcesBuildPhase;
			buildActionMask = 2147483647;
			files = (
				AC8F87622B30382200A3D255 /* SecondView.swift in Sources */,
				AC8F87472B30278E00A3D255 /* ViewController.swift in Sources */,
				AC8F87572B302AAD00A3D255 /* MainView.swift in Sources */,
				AC8F87642B30396E00A3D255 /* CustomTableViewCell.swift in Sources */,
				AC8F87432B30278E00A3D255 /* AppDelegate.swift in Sources */,
				AC8F87602B3033B900A3D255 /* SecondViewController.swift in Sources */,
				AC8F87452B30278E00A3D255 /* SceneDelegate.swift in Sources */,
			);
			runOnlyForDeploymentPostprocessing = 0;
		};
/* End PBXSourcesBuildPhase section */

/* Begin PBXVariantGroup section */
		AC8F874D2B30278F00A3D255 /* LaunchScreen.storyboard */ = {
			isa = PBXVariantGroup;
			children = (
				AC8F874E2B30278F00A3D255 /* Base */,
			);
			name = LaunchScreen.storyboard;
			sourceTree = "<group>";
		};
/* End PBXVariantGroup section */

/* Begin XCBuildConfiguration section */
		AC8F87512B30278F00A3D255 /* Debug */ = {
			isa = XCBuildConfiguration;
			buildSettings = {
				ALWAYS_SEARCH_USER_PATHS = NO;
				ASSETCATALOG_COMPILER_GENERATE_SWIFT_ASSET_SYMBOL_EXTENSIONS = YES;
				CLANG_ANALYZER_NONNULL = YES;
				CLANG_ANALYZER_NUMBER_OBJECT_CONVERSION = YES_AGGRESSIVE;
				CLANG_CXX_LANGUAGE_STANDARD = "gnu++20";
				CLANG_ENABLE_MODULES = YES;
				CLANG_ENABLE_OBJC_ARC = YES;
				CLANG_ENABLE_OBJC_WEAK = YES;
				CLANG_WARN_BLOCK_CAPTURE_AUTORELEASING = YES;
				CLANG_WARN_BOOL_CONVERSION = YES;
				CLANG_WARN_COMMA = YES;
				CLANG_WARN_CONSTANT_CONVERSION = YES;
				CLANG_WARN_DEPRECATED_OBJC_IMPLEMENTATIONS = YES;
				CLANG_WARN_DIRECT_OBJC_ISA_USAGE = YES_ERROR;
				CLANG_WARN_DOCUMENTATION_COMMENTS = YES;
				CLANG_WARN_EMPTY_BODY = YES;
				CLANG_WARN_ENUM_CONVERSION = YES;
				CLANG_WARN_INFINITE_RECURSION = YES;
				CLANG_WARN_INT_CONVERSION = YES;
				CLANG_WARN_NON_LITERAL_NULL_CONVERSION = YES;
				CLANG_WARN_OBJC_IMPLICIT_RETAIN_SELF = YES;
				CLANG_WARN_OBJC_LITERAL_CONVERSION = YES;
				CLANG_WARN_OBJC_ROOT_CLASS = YES_ERROR;
				CLANG_WARN_QUOTED_INCLUDE_IN_FRAMEWORK_HEADER = YES;
				CLANG_WARN_RANGE_LOOP_ANALYSIS = YES;
				CLANG_WARN_STRICT_PROTOTYPES = YES;
				CLANG_WARN_SUSPICIOUS_MOVE = YES;
				CLANG_WARN_UNGUARDED_AVAILABILITY = YES_AGGRESSIVE;
				CLANG_WARN_UNREACHABLE_CODE = YES;
				CLANG_WARN__DUPLICATE_METHOD_MATCH = YES;
				COPY_PHASE_STRIP = NO;
				DEBUG_INFORMATION_FORMAT = dwarf;
				ENABLE_STRICT_OBJC_MSGSEND = YES;
				ENABLE_TESTABILITY = YES;
				ENABLE_USER_SCRIPT_SANDBOXING = YES;
				GCC_C_LANGUAGE_STANDARD = gnu17;
				GCC_DYNAMIC_NO_PIC = NO;
				GCC_NO_COMMON_BLOCKS = YES;
				GCC_OPTIMIZATION_LEVEL = 0;
				GCC_PREPROCESSOR_DEFINITIONS = (
					"DEBUG=1",
					"$(inherited)",
				);
				GCC_WARN_64_TO_32_BIT_CONVERSION = YES;
				GCC_WARN_ABOUT_RETURN_TYPE = YES_ERROR;
				GCC_WARN_UNDECLARED_SELECTOR = YES;
				GCC_WARN_UNINITIALIZED_AUTOS = YES_AGGRESSIVE;
				GCC_WARN_UNUSED_FUNCTION = YES;
				GCC_WARN_UNUSED_VARIABLE = YES;
				IPHONEOS_DEPLOYMENT_TARGET = 17.2;
				LOCALIZATION_PREFERS_STRING_CATALOGS = YES;
				MTL_ENABLE_DEBUG_INFO = INCLUDE_SOURCE;
				MTL_FAST_MATH = YES;
				ONLY_ACTIVE_ARCH = YES;
				SDKROOT = iphoneos;
				SWIFT_ACTIVE_COMPILATION_CONDITIONS = "DEBUG $(inherited)";
				SWIFT_OPTIMIZATION_LEVEL = "-Onone";
			};
			name = Debug;
		};
		AC8F87522B30278F00A3D255 /* Release */ = {
			isa = XCBuildConfiguration;
			buildSettings = {
				ALWAYS_SEARCH_USER_PATHS = NO;
				ASSETCATALOG_COMPILER_GENERATE_SWIFT_ASSET_SYMBOL_EXTENSIONS = YES;
				CLANG_ANALYZER_NONNULL = YES;
				CLANG_ANALYZER_NUMBER_OBJECT_CONVERSION = YES_AGGRESSIVE;
				CLANG_CXX_LANGUAGE_STANDARD = "gnu++20";
				CLANG_ENABLE_MODULES = YES;
				CLANG_ENABLE_OBJC_ARC = YES;
				CLANG_ENABLE_OBJC_WEAK = YES;
				CLANG_WARN_BLOCK_CAPTURE_AUTORELEASING = YES;
				CLANG_WARN_BOOL_CONVERSION = YES;
				CLANG_WARN_COMMA = YES;
				CLANG_WARN_CONSTANT_CONVERSION = YES;
				CLANG_WARN_DEPRECATED_OBJC_IMPLEMENTATIONS = YES;
				CLANG_WARN_DIRECT_OBJC_ISA_USAGE = YES_ERROR;
				CLANG_WARN_DOCUMENTATION_COMMENTS = YES;
				CLANG_WARN_EMPTY_BODY = YES;
				CLANG_WARN_ENUM_CONVERSION = YES;
				CLANG_WARN_INFINITE_RECURSION = YES;
				CLANG_WARN_INT_CONVERSION = YES;
				CLANG_WARN_NON_LITERAL_NULL_CONVERSION = YES;
				CLANG_WARN_OBJC_IMPLICIT_RETAIN_SELF = YES;
				CLANG_WARN_OBJC_LITERAL_CONVERSION = YES;
				CLANG_WARN_OBJC_ROOT_CLASS = YES_ERROR;
				CLANG_WARN_QUOTED_INCLUDE_IN_FRAMEWORK_HEADER = YES;
				CLANG_WARN_RANGE_LOOP_ANALYSIS = YES;
				CLANG_WARN_STRICT_PROTOTYPES = YES;
				CLANG_WARN_SUSPICIOUS_MOVE = YES;
				CLANG_WARN_UNGUARDED_AVAILABILITY = YES_AGGRESSIVE;
				CLANG_WARN_UNREACHABLE_CODE = YES;
				CLANG_WARN__DUPLICATE_METHOD_MATCH = YES;
				COPY_PHASE_STRIP = NO;
				DEBUG_INFORMATION_FORMAT = "dwarf-with-dsym";
				ENABLE_NS_ASSERTIONS = NO;
				ENABLE_STRICT_OBJC_MSGSEND = YES;
				ENABLE_USER_SCRIPT_SANDBOXING = YES;
				GCC_C_LANGUAGE_STANDARD = gnu17;
				GCC_NO_COMMON_BLOCKS = YES;
				GCC_WARN_64_TO_32_BIT_CONVERSION = YES;
				GCC_WARN_ABOUT_RETURN_TYPE = YES_ERROR;
				GCC_WARN_UNDECLARED_SELECTOR = YES;
				GCC_WARN_UNINITIALIZED_AUTOS = YES_AGGRESSIVE;
				GCC_WARN_UNUSED_FUNCTION = YES;
				GCC_WARN_UNUSED_VARIABLE = YES;
				IPHONEOS_DEPLOYMENT_TARGET = 17.2;
				LOCALIZATION_PREFERS_STRING_CATALOGS = YES;
				MTL_ENABLE_DEBUG_INFO = NO;
				MTL_FAST_MATH = YES;
				SDKROOT = iphoneos;
				SWIFT_COMPILATION_MODE = wholemodule;
				VALIDATE_PRODUCT = YES;
			};
			name = Release;
		};
		AC8F87542B30278F00A3D255 /* Debug */ = {
			isa = XCBuildConfiguration;
			buildSettings = {
				ASSETCATALOG_COMPILER_APPICON_NAME = AppIcon;
				ASSETCATALOG_COMPILER_GLOBAL_ACCENT_COLOR_NAME = AccentColor;
				CODE_SIGN_STYLE = Automatic;
				CURRENT_PROJECT_VERSION = 1;
				DEVELOPMENT_TEAM = 92Y6UC7Q5M;
				GENERATE_INFOPLIST_FILE = YES;
				INFOPLIST_FILE = memo/Info.plist;
				INFOPLIST_KEY_UIApplicationSupportsIndirectInputEvents = YES;
				INFOPLIST_KEY_UILaunchStoryboardName = LaunchScreen;
				INFOPLIST_KEY_UISupportedInterfaceOrientations_iPad = "UIInterfaceOrientationPortrait UIInterfaceOrientationPortraitUpsideDown UIInterfaceOrientationLandscapeLeft UIInterfaceOrientationLandscapeRight";
				INFOPLIST_KEY_UISupportedInterfaceOrientations_iPhone = "UIInterfaceOrientationPortrait UIInterfaceOrientationLandscapeLeft UIInterfaceOrientationLandscapeRight";
				LD_RUNPATH_SEARCH_PATHS = (
					"$(inherited)",
					"@executable_path/Frameworks",
				);
				MARKETING_VERSION = 1.0;
				PRODUCT_BUNDLE_IDENTIFIER = donotinto.memo;
				PRODUCT_NAME = "$(TARGET_NAME)";
				SWIFT_EMIT_LOC_STRINGS = YES;
				SWIFT_VERSION = 5.0;
				TARGETED_DEVICE_FAMILY = "1,2";
			};
			name = Debug;
		};
		AC8F87552B30278F00A3D255 /* Release */ = {
			isa = XCBuildConfiguration;
			buildSettings = {
				ASSETCATALOG_COMPILER_APPICON_NAME = AppIcon;
				ASSETCATALOG_COMPILER_GLOBAL_ACCENT_COLOR_NAME = AccentColor;
				CODE_SIGN_STYLE = Automatic;
				CURRENT_PROJECT_VERSION = 1;
				DEVELOPMENT_TEAM = 92Y6UC7Q5M;
				GENERATE_INFOPLIST_FILE = YES;
				INFOPLIST_FILE = memo/Info.plist;
				INFOPLIST_KEY_UIApplicationSupportsIndirectInputEvents = YES;
				INFOPLIST_KEY_UILaunchStoryboardName = LaunchScreen;
				INFOPLIST_KEY_UISupportedInterfaceOrientations_iPad = "UIInterfaceOrientationPortrait UIInterfaceOrientationPortraitUpsideDown UIInterfaceOrientationLandscapeLeft UIInterfaceOrientationLandscapeRight";
				INFOPLIST_KEY_UISupportedInterfaceOrientations_iPhone = "UIInterfaceOrientationPortrait UIInterfaceOrientationLandscapeLeft UIInterfaceOrientationLandscapeRight";
				LD_RUNPATH_SEARCH_PATHS = (
					"$(inherited)",
					"@executable_path/Frameworks",
				);
				MARKETING_VERSION = 1.0;
				PRODUCT_BUNDLE_IDENTIFIER = donotinto.memo;
				PRODUCT_NAME = "$(TARGET_NAME)";
				SWIFT_EMIT_LOC_STRINGS = YES;
				SWIFT_VERSION = 5.0;
				TARGETED_DEVICE_FAMILY = "1,2";
			};
			name = Release;
		};
/* End XCBuildConfiguration section */

/* Begin XCConfigurationList section */
		AC8F873A2B30278E00A3D255 /* Build configuration list for PBXProject "memo" */ = {
			isa = XCConfigurationList;
			buildConfigurations = (
				AC8F87512B30278F00A3D255 /* Debug */,
				AC8F87522B30278F00A3D255 /* Release */,
			);
			defaultConfigurationIsVisible = 0;
			defaultConfigurationName = Release;
		};
		AC8F87532B30278F00A3D255 /* Build configuration list for PBXNativeTarget "memo" */ = {
			isa = XCConfigurationList;
			buildConfigurations = (
				AC8F87542B30278F00A3D255 /* Debug */,
				AC8F87552B30278F00A3D255 /* Release */,
			);
			defaultConfigurationIsVisible = 0;
			defaultConfigurationName = Release;
		};
/* End XCConfigurationList section */

/* Begin XCRemoteSwiftPackageReference section */
		AC8F87582B302B6400A3D255 /* XCRemoteSwiftPackageReference "SnapKit" */ = {
			isa = XCRemoteSwiftPackageReference;
			repositoryURL = "https://github.com/SnapKit/SnapKit.git";
			requirement = {
				kind = upToNextMajorVersion;
				minimumVersion = 5.6.0;
			};
		};
/* End XCRemoteSwiftPackageReference section */

/* Begin XCSwiftPackageProductDependency section */
		AC8F87592B302B6400A3D255 /* SnapKit */ = {
			isa = XCSwiftPackageProductDependency;
			package = AC8F87582B302B6400A3D255 /* XCRemoteSwiftPackageReference "SnapKit" */;
			productName = SnapKit;
		};
		AC8F875B2B302B6400A3D255 /* SnapKit-Dynamic */ = {
			isa = XCSwiftPackageProductDependency;
			package = AC8F87582B302B6400A3D255 /* XCRemoteSwiftPackageReference "SnapKit" */;
			productName = "SnapKit-Dynamic";
		};
/* End XCSwiftPackageProductDependency section */
	};
	rootObject = AC8F87372B30278E00A3D255 /* Project object */;
}
