// !$*UTF8*$!
{
	archiveVersion = 1;
	classes = {
	};
	objectVersion = 56;
	objects = {

/* Begin PBXBuildFile section */
		AC9AC6002B624CDE005A335A /* CLMapKitViewController.swift in Sources */ = {isa = PBXBuildFile; fileRef = AC9AC5FF2B624CDE005A335A /* CLMapKitViewController.swift */; };
		AC9AC6042B62527C005A335A /* UIViewController++.swift in Sources */ = {isa = PBXBuildFile; fileRef = AC9AC6032B62527C005A335A /* UIViewController++.swift */; };
		AC9AC6062B62591C005A335A /* UserDefaultManager.swift in Sources */ = {isa = PBXBuildFile; fileRef = AC9AC6052B62591C005A335A /* UserDefaultManager.swift */; };
		AC9AC6092B625AF1005A335A /* SceneDelegateViewController.swift in Sources */ = {isa = PBXBuildFile; fileRef = AC9AC6082B625AF1005A335A /* SceneDelegateViewController.swift */; };
		ACB4C5112B50F9FF00961FC8 /* CollectionViewController.swift in Sources */ = {isa = PBXBuildFile; fileRef = ACB4C5102B50F9FF00961FC8 /* CollectionViewController.swift */; };
		ACB4C5132B50FA2400961FC8 /* CollectionViewCell.swift in Sources */ = {isa = PBXBuildFile; fileRef = ACB4C5122B50FA2400961FC8 /* CollectionViewCell.swift */; };
		ACB8D64B2B4B73D7005D9214 /* AppDelegate.swift in Sources */ = {isa = PBXBuildFile; fileRef = ACB8D64A2B4B73D7005D9214 /* AppDelegate.swift */; };
		ACB8D64D2B4B73D7005D9214 /* SceneDelegate.swift in Sources */ = {isa = PBXBuildFile; fileRef = ACB8D64C2B4B73D7005D9214 /* SceneDelegate.swift */; };
		ACB8D64F2B4B73D7005D9214 /* HomeViewController.swift in Sources */ = {isa = PBXBuildFile; fileRef = ACB8D64E2B4B73D7005D9214 /* HomeViewController.swift */; };
		ACB8D6522B4B73D7005D9214 /* Main.storyboard in Resources */ = {isa = PBXBuildFile; fileRef = ACB8D6502B4B73D7005D9214 /* Main.storyboard */; };
		ACB8D6542B4B73D7005D9214 /* Assets.xcassets in Resources */ = {isa = PBXBuildFile; fileRef = ACB8D6532B4B73D7005D9214 /* Assets.xcassets */; };
		ACB8D6572B4B73D7005D9214 /* LaunchScreen.storyboard in Resources */ = {isa = PBXBuildFile; fileRef = ACB8D6552B4B73D7005D9214 /* LaunchScreen.storyboard */; };
		ACB8D65F2B4B822D005D9214 /* UIButtonViewController.swift in Sources */ = {isa = PBXBuildFile; fileRef = ACB8D65E2B4B822D005D9214 /* UIButtonViewController.swift */; };
		ACB8D6612B4BB0C1005D9214 /* MyUITableViewController.swift in Sources */ = {isa = PBXBuildFile; fileRef = ACB8D6602B4BB0C1005D9214 /* MyUITableViewController.swift */; };
		ACB8D6632B4BB33E005D9214 /* MyUITableViewCell.swift in Sources */ = {isa = PBXBuildFile; fileRef = ACB8D6622B4BB33E005D9214 /* MyUITableViewCell.swift */; };
		ACCDD4732B5E655F00034673 /* .gitignore in Resources */ = {isa = PBXBuildFile; fileRef = ACCDD4722B5E655F00034673 /* .gitignore */; };
		ACCDD4752B5E659900034673 /* APIKey.swift in Sources */ = {isa = PBXBuildFile; fileRef = ACCDD4742B5E659900034673 /* APIKey.swift */; };
		ACCDD4772B5E6A2900034673 /* APIManager.swift in Sources */ = {isa = PBXBuildFile; fileRef = ACCDD4762B5E6A2900034673 /* APIManager.swift */; };
		ACCDD47B2B5E6A5600034673 /* Alamofire in Frameworks */ = {isa = PBXBuildFile; productRef = ACCDD47A2B5E6A5600034673 /* Alamofire */; };
		ACFE27022B4EE70A002EF629 /* DelegateViewController.swift in Sources */ = {isa = PBXBuildFile; fileRef = ACFE27012B4EE70A002EF629 /* DelegateViewController.swift */; };
		ACFE27042B4EE71A002EF629 /* DelegateProtocol.swift in Sources */ = {isa = PBXBuildFile; fileRef = ACFE27032B4EE71A002EF629 /* DelegateProtocol.swift */; };
		ACFE27062B4EE758002EF629 /* WorkViewController.swift in Sources */ = {isa = PBXBuildFile; fileRef = ACFE27052B4EE758002EF629 /* WorkViewController.swift */; };
/* End PBXBuildFile section */

/* Begin PBXFileReference section */
		AC9AC5FF2B624CDE005A335A /* CLMapKitViewController.swift */ = {isa = PBXFileReference; lastKnownFileType = sourcecode.swift; path = CLMapKitViewController.swift; sourceTree = "<group>"; };
		AC9AC6032B62527C005A335A /* UIViewController++.swift */ = {isa = PBXFileReference; lastKnownFileType = sourcecode.swift; path = "UIViewController++.swift"; sourceTree = "<group>"; };
		AC9AC6052B62591C005A335A /* UserDefaultManager.swift */ = {isa = PBXFileReference; lastKnownFileType = sourcecode.swift; path = UserDefaultManager.swift; sourceTree = "<group>"; };
		AC9AC6082B625AF1005A335A /* SceneDelegateViewController.swift */ = {isa = PBXFileReference; lastKnownFileType = sourcecode.swift; path = SceneDelegateViewController.swift; sourceTree = "<group>"; };
		ACB4C5102B50F9FF00961FC8 /* CollectionViewController.swift */ = {isa = PBXFileReference; lastKnownFileType = sourcecode.swift; path = CollectionViewController.swift; sourceTree = "<group>"; };
		ACB4C5122B50FA2400961FC8 /* CollectionViewCell.swift */ = {isa = PBXFileReference; lastKnownFileType = sourcecode.swift; path = CollectionViewCell.swift; sourceTree = "<group>"; };
		ACB8D6472B4B73D7005D9214 /* PieceOfCake.app */ = {isa = PBXFileReference; explicitFileType = wrapper.application; includeInIndex = 0; path = PieceOfCake.app; sourceTree = BUILT_PRODUCTS_DIR; };
		ACB8D64A2B4B73D7005D9214 /* AppDelegate.swift */ = {isa = PBXFileReference; lastKnownFileType = sourcecode.swift; path = AppDelegate.swift; sourceTree = "<group>"; };
		ACB8D64C2B4B73D7005D9214 /* SceneDelegate.swift */ = {isa = PBXFileReference; lastKnownFileType = sourcecode.swift; path = SceneDelegate.swift; sourceTree = "<group>"; };
		ACB8D64E2B4B73D7005D9214 /* HomeViewController.swift */ = {isa = PBXFileReference; lastKnownFileType = sourcecode.swift; path = HomeViewController.swift; sourceTree = "<group>"; };
		ACB8D6512B4B73D7005D9214 /* Base */ = {isa = PBXFileReference; lastKnownFileType = file.storyboard; name = Base; path = Base.lproj/Main.storyboard; sourceTree = "<group>"; };
		ACB8D6532B4B73D7005D9214 /* Assets.xcassets */ = {isa = PBXFileReference; lastKnownFileType = folder.assetcatalog; path = Assets.xcassets; sourceTree = "<group>"; };
		ACB8D6562B4B73D7005D9214 /* Base */ = {isa = PBXFileReference; lastKnownFileType = file.storyboard; name = Base; path = Base.lproj/LaunchScreen.storyboard; sourceTree = "<group>"; };
		ACB8D6582B4B73D7005D9214 /* Info.plist */ = {isa = PBXFileReference; lastKnownFileType = text.plist.xml; path = Info.plist; sourceTree = "<group>"; };
		ACB8D65E2B4B822D005D9214 /* UIButtonViewController.swift */ = {isa = PBXFileReference; lastKnownFileType = sourcecode.swift; path = UIButtonViewController.swift; sourceTree = "<group>"; };
		ACB8D6602B4BB0C1005D9214 /* MyUITableViewController.swift */ = {isa = PBXFileReference; lastKnownFileType = sourcecode.swift; path = MyUITableViewController.swift; sourceTree = "<group>"; };
		ACB8D6622B4BB33E005D9214 /* MyUITableViewCell.swift */ = {isa = PBXFileReference; lastKnownFileType = sourcecode.swift; path = MyUITableViewCell.swift; sourceTree = "<group>"; };
		ACCDD4722B5E655F00034673 /* .gitignore */ = {isa = PBXFileReference; lastKnownFileType = text; path = .gitignore; sourceTree = "<group>"; };
		ACCDD4742B5E659900034673 /* APIKey.swift */ = {isa = PBXFileReference; lastKnownFileType = sourcecode.swift; path = APIKey.swift; sourceTree = "<group>"; };
		ACCDD4762B5E6A2900034673 /* APIManager.swift */ = {isa = PBXFileReference; lastKnownFileType = sourcecode.swift; path = APIManager.swift; sourceTree = "<group>"; };
		ACFE27012B4EE70A002EF629 /* DelegateViewController.swift */ = {isa = PBXFileReference; lastKnownFileType = sourcecode.swift; path = DelegateViewController.swift; sourceTree = "<group>"; };
		ACFE27032B4EE71A002EF629 /* DelegateProtocol.swift */ = {isa = PBXFileReference; lastKnownFileType = sourcecode.swift; path = DelegateProtocol.swift; sourceTree = "<group>"; };
		ACFE27052B4EE758002EF629 /* WorkViewController.swift */ = {isa = PBXFileReference; lastKnownFileType = sourcecode.swift; path = WorkViewController.swift; sourceTree = "<group>"; };
/* End PBXFileReference section */

/* Begin PBXFrameworksBuildPhase section */
		ACB8D6442B4B73D7005D9214 /* Frameworks */ = {
			isa = PBXFrameworksBuildPhase;
			buildActionMask = 2147483647;
			files = (
				ACCDD47B2B5E6A5600034673 /* Alamofire in Frameworks */,
			);
			runOnlyForDeploymentPostprocessing = 0;
		};
/* End PBXFrameworksBuildPhase section */

/* Begin PBXGroup section */
		AC9AC6012B624CF7005A335A /* CoreLocation&MapkitVC */ = {
			isa = PBXGroup;
			children = (
				AC9AC5FF2B624CDE005A335A /* CLMapKitViewController.swift */,
			);
			path = "CoreLocation&MapkitVC";
			sourceTree = "<group>";
		};
		AC9AC6022B62526B005A335A /* Extension */ = {
			isa = PBXGroup;
			children = (
				AC9AC6032B62527C005A335A /* UIViewController++.swift */,
			);
			path = Extension;
			sourceTree = "<group>";
		};
		AC9AC6072B625ACB005A335A /* SceneDelegateTestVC */ = {
			isa = PBXGroup;
			children = (
				AC9AC6082B625AF1005A335A /* SceneDelegateViewController.swift */,
			);
			path = SceneDelegateTestVC;
			sourceTree = "<group>";
		};
		ACB4C50C2B50F99900961FC8 /* CollectionView */ = {
			isa = PBXGroup;
			children = (
				ACB4C5102B50F9FF00961FC8 /* CollectionViewController.swift */,
				ACB4C5122B50FA2400961FC8 /* CollectionViewCell.swift */,
			);
			path = CollectionView;
			sourceTree = "<group>";
		};
		ACB4C50D2B50F9A700961FC8 /* ButtonView */ = {
			isa = PBXGroup;
			children = (
				ACB8D65E2B4B822D005D9214 /* UIButtonViewController.swift */,
			);
			path = ButtonView;
			sourceTree = "<group>";
		};
		ACB8D63E2B4B73D7005D9214 = {
			isa = PBXGroup;
			children = (
				ACCDD4722B5E655F00034673 /* .gitignore */,
				ACB8D6492B4B73D7005D9214 /* PieceOfCake */,
				ACB8D6482B4B73D7005D9214 /* Products */,
			);
			sourceTree = "<group>";
		};
		ACB8D6482B4B73D7005D9214 /* Products */ = {
			isa = PBXGroup;
			children = (
				ACB8D6472B4B73D7005D9214 /* PieceOfCake.app */,
			);
			name = Products;
			sourceTree = "<group>";
		};
		ACB8D6492B4B73D7005D9214 /* PieceOfCake */ = {
			isa = PBXGroup;
			children = (
				AC9AC6022B62526B005A335A /* Extension */,
				ACCDD4782B5E6A2F00034673 /* Model */,
				ACB8D64A2B4B73D7005D9214 /* AppDelegate.swift */,
				ACB8D64C2B4B73D7005D9214 /* SceneDelegate.swift */,
				ACB8D64E2B4B73D7005D9214 /* HomeViewController.swift */,
				AC9AC6012B624CF7005A335A /* CoreLocation&MapkitVC */,
				ACFE27002B4EE6DF002EF629 /* DelegatePattern */,
				ACB4C50D2B50F9A700961FC8 /* ButtonView */,
				ACB4C50C2B50F99900961FC8 /* CollectionView */,
				ACB8D6642B4BB530005D9214 /* TableView */,
				ACB8D6502B4B73D7005D9214 /* Main.storyboard */,
				ACB8D6532B4B73D7005D9214 /* Assets.xcassets */,
				ACB8D6552B4B73D7005D9214 /* LaunchScreen.storyboard */,
				ACB8D6582B4B73D7005D9214 /* Info.plist */,
				AC9AC6072B625ACB005A335A /* SceneDelegateTestVC */,
			);
			path = PieceOfCake;
			sourceTree = "<group>";
		};
		ACB8D6642B4BB530005D9214 /* TableView */ = {
			isa = PBXGroup;
			children = (
				ACB8D6602B4BB0C1005D9214 /* MyUITableViewController.swift */,
				ACB8D6622B4BB33E005D9214 /* MyUITableViewCell.swift */,
			);
			path = TableView;
			sourceTree = "<group>";
		};
		ACCDD4782B5E6A2F00034673 /* Model */ = {
			isa = PBXGroup;
			children = (
				ACCDD4742B5E659900034673 /* APIKey.swift */,
				ACCDD4762B5E6A2900034673 /* APIManager.swift */,
				AC9AC6052B62591C005A335A /* UserDefaultManager.swift */,
			);
			path = Model;
			sourceTree = "<group>";
		};
		ACFE27002B4EE6DF002EF629 /* DelegatePattern */ = {
			isa = PBXGroup;
			children = (
				ACFE27012B4EE70A002EF629 /* DelegateViewController.swift */,
				ACFE27052B4EE758002EF629 /* WorkViewController.swift */,
				ACFE27032B4EE71A002EF629 /* DelegateProtocol.swift */,
			);
			path = DelegatePattern;
			sourceTree = "<group>";
		};
/* End PBXGroup section */

/* Begin PBXNativeTarget section */
		ACB8D6462B4B73D7005D9214 /* PieceOfCake */ = {
			isa = PBXNativeTarget;
			buildConfigurationList = ACB8D65B2B4B73D7005D9214 /* Build configuration list for PBXNativeTarget "PieceOfCake" */;
			buildPhases = (
				ACB8D6432B4B73D7005D9214 /* Sources */,
				ACB8D6442B4B73D7005D9214 /* Frameworks */,
				ACB8D6452B4B73D7005D9214 /* Resources */,
			);
			buildRules = (
			);
			dependencies = (
			);
			name = PieceOfCake;
			packageProductDependencies = (
				ACCDD47A2B5E6A5600034673 /* Alamofire */,
			);
			productName = PieceOfCake;
			productReference = ACB8D6472B4B73D7005D9214 /* PieceOfCake.app */;
			productType = "com.apple.product-type.application";
		};
/* End PBXNativeTarget section */

/* Begin PBXProject section */
		ACB8D63F2B4B73D7005D9214 /* Project object */ = {
			isa = PBXProject;
			attributes = {
				BuildIndependentTargetsInParallel = 1;
				LastSwiftUpdateCheck = 1510;
				LastUpgradeCheck = 1510;
				TargetAttributes = {
					ACB8D6462B4B73D7005D9214 = {
						CreatedOnToolsVersion = 15.1;
					};
				};
			};
			buildConfigurationList = ACB8D6422B4B73D7005D9214 /* Build configuration list for PBXProject "PieceOfCake" */;
			compatibilityVersion = "Xcode 14.0";
			developmentRegion = en;
			hasScannedForEncodings = 0;
			knownRegions = (
				en,
				Base,
			);
			mainGroup = ACB8D63E2B4B73D7005D9214;
			packageReferences = (
				ACCDD4792B5E6A5600034673 /* XCRemoteSwiftPackageReference "Alamofire" */,
			);
			productRefGroup = ACB8D6482B4B73D7005D9214 /* Products */;
			projectDirPath = "";
			projectRoot = "";
			targets = (
				ACB8D6462B4B73D7005D9214 /* PieceOfCake */,
			);
		};
/* End PBXProject section */

/* Begin PBXResourcesBuildPhase section */
		ACB8D6452B4B73D7005D9214 /* Resources */ = {
			isa = PBXResourcesBuildPhase;
			buildActionMask = 2147483647;
			files = (
				ACCDD4732B5E655F00034673 /* .gitignore in Resources */,
				ACB8D6572B4B73D7005D9214 /* LaunchScreen.storyboard in Resources */,
				ACB8D6542B4B73D7005D9214 /* Assets.xcassets in Resources */,
				ACB8D6522B4B73D7005D9214 /* Main.storyboard in Resources */,
			);
			runOnlyForDeploymentPostprocessing = 0;
		};
/* End PBXResourcesBuildPhase section */

/* Begin PBXSourcesBuildPhase section */
		ACB8D6432B4B73D7005D9214 /* Sources */ = {
			isa = PBXSourcesBuildPhase;
			buildActionMask = 2147483647;
			files = (
				ACB8D65F2B4B822D005D9214 /* UIButtonViewController.swift in Sources */,
				ACB8D64F2B4B73D7005D9214 /* HomeViewController.swift in Sources */,
				AC9AC6062B62591C005A335A /* UserDefaultManager.swift in Sources */,
				AC9AC6002B624CDE005A335A /* CLMapKitViewController.swift in Sources */,
				ACB8D64B2B4B73D7005D9214 /* AppDelegate.swift in Sources */,
				ACFE27022B4EE70A002EF629 /* DelegateViewController.swift in Sources */,
				ACB4C5112B50F9FF00961FC8 /* CollectionViewController.swift in Sources */,
				AC9AC6092B625AF1005A335A /* SceneDelegateViewController.swift in Sources */,
				ACB8D6632B4BB33E005D9214 /* MyUITableViewCell.swift in Sources */,
				ACB8D6612B4BB0C1005D9214 /* MyUITableViewController.swift in Sources */,
				ACFE27062B4EE758002EF629 /* WorkViewController.swift in Sources */,
				ACFE27042B4EE71A002EF629 /* DelegateProtocol.swift in Sources */,
				ACB8D64D2B4B73D7005D9214 /* SceneDelegate.swift in Sources */,
				ACCDD4772B5E6A2900034673 /* APIManager.swift in Sources */,
				ACCDD4752B5E659900034673 /* APIKey.swift in Sources */,
				ACB4C5132B50FA2400961FC8 /* CollectionViewCell.swift in Sources */,
				AC9AC6042B62527C005A335A /* UIViewController++.swift in Sources */,
			);
			runOnlyForDeploymentPostprocessing = 0;
		};
/* End PBXSourcesBuildPhase section */

/* Begin PBXVariantGroup section */
		ACB8D6502B4B73D7005D9214 /* Main.storyboard */ = {
			isa = PBXVariantGroup;
			children = (
				ACB8D6512B4B73D7005D9214 /* Base */,
			);
			name = Main.storyboard;
			sourceTree = "<group>";
		};
		ACB8D6552B4B73D7005D9214 /* LaunchScreen.storyboard */ = {
			isa = PBXVariantGroup;
			children = (
				ACB8D6562B4B73D7005D9214 /* Base */,
			);
			name = LaunchScreen.storyboard;
			sourceTree = "<group>";
		};
/* End PBXVariantGroup section */

/* Begin XCBuildConfiguration section */
		ACB8D6592B4B73D7005D9214 /* Debug */ = {
			isa = XCBuildConfiguration;
			buildSettings = {
				ALWAYS_SEARCH_USER_PATHS = NO;
				ASSETCATALOG_COMPILER_GENERATE_SWIFT_ASSET_SYMBOL_EXTENSIONS = YES;
				CLANG_ANALYZER_NONNULL = YES;
				CLANG_ANALYZER_NUMBER_OBJECT_CONVERSION = YES_AGGRESSIVE;
				CLANG_CXX_LANGUAGE_STANDARD = "gnu++20";
				CLANG_ENABLE_MODULES = YES;
				CLANG_ENABLE_OBJC_ARC = YES;
				CLANG_ENABLE_OBJC_WEAK = YES;
				CLANG_WARN_BLOCK_CAPTURE_AUTORELEASING = YES;
				CLANG_WARN_BOOL_CONVERSION = YES;
				CLANG_WARN_COMMA = YES;
				CLANG_WARN_CONSTANT_CONVERSION = YES;
				CLANG_WARN_DEPRECATED_OBJC_IMPLEMENTATIONS = YES;
				CLANG_WARN_DIRECT_OBJC_ISA_USAGE = YES_ERROR;
				CLANG_WARN_DOCUMENTATION_COMMENTS = YES;
				CLANG_WARN_EMPTY_BODY = YES;
				CLANG_WARN_ENUM_CONVERSION = YES;
				CLANG_WARN_INFINITE_RECURSION = YES;
				CLANG_WARN_INT_CONVERSION = YES;
				CLANG_WARN_NON_LITERAL_NULL_CONVERSION = YES;
				CLANG_WARN_OBJC_IMPLICIT_RETAIN_SELF = YES;
				CLANG_WARN_OBJC_LITERAL_CONVERSION = YES;
				CLANG_WARN_OBJC_ROOT_CLASS = YES_ERROR;
				CLANG_WARN_QUOTED_INCLUDE_IN_FRAMEWORK_HEADER = YES;
				CLANG_WARN_RANGE_LOOP_ANALYSIS = YES;
				CLANG_WARN_STRICT_PROTOTYPES = YES;
				CLANG_WARN_SUSPICIOUS_MOVE = YES;
				CLANG_WARN_UNGUARDED_AVAILABILITY = YES_AGGRESSIVE;
				CLANG_WARN_UNREACHABLE_CODE = YES;
				CLANG_WARN__DUPLICATE_METHOD_MATCH = YES;
				COPY_PHASE_STRIP = NO;
				DEBUG_INFORMATION_FORMAT = dwarf;
				ENABLE_STRICT_OBJC_MSGSEND = YES;
				ENABLE_TESTABILITY = YES;
				ENABLE_USER_SCRIPT_SANDBOXING = YES;
				GCC_C_LANGUAGE_STANDARD = gnu17;
				GCC_DYNAMIC_NO_PIC = NO;
				GCC_NO_COMMON_BLOCKS = YES;
				GCC_OPTIMIZATION_LEVEL = 0;
				GCC_PREPROCESSOR_DEFINITIONS = (
					"DEBUG=1",
					"$(inherited)",
				);
				GCC_WARN_64_TO_32_BIT_CONVERSION = YES;
				GCC_WARN_ABOUT_RETURN_TYPE = YES_ERROR;
				GCC_WARN_UNDECLARED_SELECTOR = YES;
				GCC_WARN_UNINITIALIZED_AUTOS = YES_AGGRESSIVE;
				GCC_WARN_UNUSED_FUNCTION = YES;
				GCC_WARN_UNUSED_VARIABLE = YES;
				IPHONEOS_DEPLOYMENT_TARGET = 17.2;
				LOCALIZATION_PREFERS_STRING_CATALOGS = YES;
				MTL_ENABLE_DEBUG_INFO = INCLUDE_SOURCE;
				MTL_FAST_MATH = YES;
				ONLY_ACTIVE_ARCH = YES;
				SDKROOT = iphoneos;
				SWIFT_ACTIVE_COMPILATION_CONDITIONS = "DEBUG $(inherited)";
				SWIFT_OPTIMIZATION_LEVEL = "-Onone";
			};
			name = Debug;
		};
		ACB8D65A2B4B73D7005D9214 /* Release */ = {
			isa = XCBuildConfiguration;
			buildSettings = {
				ALWAYS_SEARCH_USER_PATHS = NO;
				ASSETCATALOG_COMPILER_GENERATE_SWIFT_ASSET_SYMBOL_EXTENSIONS = YES;
				CLANG_ANALYZER_NONNULL = YES;
				CLANG_ANALYZER_NUMBER_OBJECT_CONVERSION = YES_AGGRESSIVE;
				CLANG_CXX_LANGUAGE_STANDARD = "gnu++20";
				CLANG_ENABLE_MODULES = YES;
				CLANG_ENABLE_OBJC_ARC = YES;
				CLANG_ENABLE_OBJC_WEAK = YES;
				CLANG_WARN_BLOCK_CAPTURE_AUTORELEASING = YES;
				CLANG_WARN_BOOL_CONVERSION = YES;
				CLANG_WARN_COMMA = YES;
				CLANG_WARN_CONSTANT_CONVERSION = YES;
				CLANG_WARN_DEPRECATED_OBJC_IMPLEMENTATIONS = YES;
				CLANG_WARN_DIRECT_OBJC_ISA_USAGE = YES_ERROR;
				CLANG_WARN_DOCUMENTATION_COMMENTS = YES;
				CLANG_WARN_EMPTY_BODY = YES;
				CLANG_WARN_ENUM_CONVERSION = YES;
				CLANG_WARN_INFINITE_RECURSION = YES;
				CLANG_WARN_INT_CONVERSION = YES;
				CLANG_WARN_NON_LITERAL_NULL_CONVERSION = YES;
				CLANG_WARN_OBJC_IMPLICIT_RETAIN_SELF = YES;
				CLANG_WARN_OBJC_LITERAL_CONVERSION = YES;
				CLANG_WARN_OBJC_ROOT_CLASS = YES_ERROR;
				CLANG_WARN_QUOTED_INCLUDE_IN_FRAMEWORK_HEADER = YES;
				CLANG_WARN_RANGE_LOOP_ANALYSIS = YES;
				CLANG_WARN_STRICT_PROTOTYPES = YES;
				CLANG_WARN_SUSPICIOUS_MOVE = YES;
				CLANG_WARN_UNGUARDED_AVAILABILITY = YES_AGGRESSIVE;
				CLANG_WARN_UNREACHABLE_CODE = YES;
				CLANG_WARN__DUPLICATE_METHOD_MATCH = YES;
				COPY_PHASE_STRIP = NO;
				DEBUG_INFORMATION_FORMAT = "dwarf-with-dsym";
				ENABLE_NS_ASSERTIONS = NO;
				ENABLE_STRICT_OBJC_MSGSEND = YES;
				ENABLE_USER_SCRIPT_SANDBOXING = YES;
				GCC_C_LANGUAGE_STANDARD = gnu17;
				GCC_NO_COMMON_BLOCKS = YES;
				GCC_WARN_64_TO_32_BIT_CONVERSION = YES;
				GCC_WARN_ABOUT_RETURN_TYPE = YES_ERROR;
				GCC_WARN_UNDECLARED_SELECTOR = YES;
				GCC_WARN_UNINITIALIZED_AUTOS = YES_AGGRESSIVE;
				GCC_WARN_UNUSED_FUNCTION = YES;
				GCC_WARN_UNUSED_VARIABLE = YES;
				IPHONEOS_DEPLOYMENT_TARGET = 17.2;
				LOCALIZATION_PREFERS_STRING_CATALOGS = YES;
				MTL_ENABLE_DEBUG_INFO = NO;
				MTL_FAST_MATH = YES;
				SDKROOT = iphoneos;
				SWIFT_COMPILATION_MODE = wholemodule;
				VALIDATE_PRODUCT = YES;
			};
			name = Release;
		};
		ACB8D65C2B4B73D7005D9214 /* Debug */ = {
			isa = XCBuildConfiguration;
			buildSettings = {
				ASSETCATALOG_COMPILER_APPICON_NAME = AppIcon;
				ASSETCATALOG_COMPILER_GLOBAL_ACCENT_COLOR_NAME = AccentColor;
				CODE_SIGN_STYLE = Automatic;
				CURRENT_PROJECT_VERSION = 1;
				DEVELOPMENT_TEAM = 92Y6UC7Q5M;
				GENERATE_INFOPLIST_FILE = YES;
				INFOPLIST_FILE = PieceOfCake/Info.plist;
				INFOPLIST_KEY_UIApplicationSupportsIndirectInputEvents = YES;
				INFOPLIST_KEY_UILaunchStoryboardName = LaunchScreen;
				INFOPLIST_KEY_UIMainStoryboardFile = Main;
				INFOPLIST_KEY_UISupportedInterfaceOrientations = UIInterfaceOrientationPortrait;
				INFOPLIST_KEY_UISupportedInterfaceOrientations_iPad = "UIInterfaceOrientationLandscapeLeft UIInterfaceOrientationLandscapeRight UIInterfaceOrientationPortrait UIInterfaceOrientationPortraitUpsideDown";
				LD_RUNPATH_SEARCH_PATHS = (
					"$(inherited)",
					"@executable_path/Frameworks",
				);
				MARKETING_VERSION = 1.0;
				PRODUCT_BUNDLE_IDENTIFIER = com.donotinto.PieceOfCake;
				PRODUCT_NAME = "$(TARGET_NAME)";
				SUPPORTED_PLATFORMS = "iphoneos iphonesimulator";
				SUPPORTS_MACCATALYST = NO;
				SUPPORTS_MAC_DESIGNED_FOR_IPHONE_IPAD = NO;
				SUPPORTS_XR_DESIGNED_FOR_IPHONE_IPAD = NO;
				SWIFT_EMIT_LOC_STRINGS = YES;
				SWIFT_VERSION = 5.0;
				TARGETED_DEVICE_FAMILY = 1;
			};
			name = Debug;
		};
		ACB8D65D2B4B73D7005D9214 /* Release */ = {
			isa = XCBuildConfiguration;
			buildSettings = {
				ASSETCATALOG_COMPILER_APPICON_NAME = AppIcon;
				ASSETCATALOG_COMPILER_GLOBAL_ACCENT_COLOR_NAME = AccentColor;
				CODE_SIGN_STYLE = Automatic;
				CURRENT_PROJECT_VERSION = 1;
				DEVELOPMENT_TEAM = 92Y6UC7Q5M;
				GENERATE_INFOPLIST_FILE = YES;
				INFOPLIST_FILE = PieceOfCake/Info.plist;
				INFOPLIST_KEY_UIApplicationSupportsIndirectInputEvents = YES;
				INFOPLIST_KEY_UILaunchStoryboardName = LaunchScreen;
				INFOPLIST_KEY_UIMainStoryboardFile = Main;
				INFOPLIST_KEY_UISupportedInterfaceOrientations = UIInterfaceOrientationPortrait;
				INFOPLIST_KEY_UISupportedInterfaceOrientations_iPad = "UIInterfaceOrientationLandscapeLeft UIInterfaceOrientationLandscapeRight UIInterfaceOrientationPortrait UIInterfaceOrientationPortraitUpsideDown";
				LD_RUNPATH_SEARCH_PATHS = (
					"$(inherited)",
					"@executable_path/Frameworks",
				);
				MARKETING_VERSION = 1.0;
				PRODUCT_BUNDLE_IDENTIFIER = com.donotinto.PieceOfCake;
				PRODUCT_NAME = "$(TARGET_NAME)";
				SUPPORTED_PLATFORMS = "iphoneos iphonesimulator";
				SUPPORTS_MACCATALYST = NO;
				SUPPORTS_MAC_DESIGNED_FOR_IPHONE_IPAD = NO;
				SUPPORTS_XR_DESIGNED_FOR_IPHONE_IPAD = NO;
				SWIFT_EMIT_LOC_STRINGS = YES;
				SWIFT_VERSION = 5.0;
				TARGETED_DEVICE_FAMILY = 1;
			};
			name = Release;
		};
/* End XCBuildConfiguration section */

/* Begin XCConfigurationList section */
		ACB8D6422B4B73D7005D9214 /* Build configuration list for PBXProject "PieceOfCake" */ = {
			isa = XCConfigurationList;
			buildConfigurations = (
				ACB8D6592B4B73D7005D9214 /* Debug */,
				ACB8D65A2B4B73D7005D9214 /* Release */,
			);
			defaultConfigurationIsVisible = 0;
			defaultConfigurationName = Release;
		};
		ACB8D65B2B4B73D7005D9214 /* Build configuration list for PBXNativeTarget "PieceOfCake" */ = {
			isa = XCConfigurationList;
			buildConfigurations = (
				ACB8D65C2B4B73D7005D9214 /* Debug */,
				ACB8D65D2B4B73D7005D9214 /* Release */,
			);
			defaultConfigurationIsVisible = 0;
			defaultConfigurationName = Release;
		};
/* End XCConfigurationList section */

/* Begin XCRemoteSwiftPackageReference section */
		ACCDD4792B5E6A5600034673 /* XCRemoteSwiftPackageReference "Alamofire" */ = {
			isa = XCRemoteSwiftPackageReference;
			repositoryURL = "https://github.com/Alamofire/Alamofire.git";
			requirement = {
				kind = upToNextMajorVersion;
				minimumVersion = 5.8.1;
			};
		};
/* End XCRemoteSwiftPackageReference section */

/* Begin XCSwiftPackageProductDependency section */
		ACCDD47A2B5E6A5600034673 /* Alamofire */ = {
			isa = XCSwiftPackageProductDependency;
			package = ACCDD4792B5E6A5600034673 /* XCRemoteSwiftPackageReference "Alamofire" */;
			productName = Alamofire;
		};
/* End XCSwiftPackageProductDependency section */
	};
	rootObject = ACB8D63F2B4B73D7005D9214 /* Project object */;
}
